
Microsoft Visual Studio Solution File, Format Version 12.00
# Visual Studio Version 16
VisualStudioVersion = 16.0.35325.158
MinimumVisualStudioVersion = 10.0.40219.1
Project("{FAE04EC0-301F-11D3-BF4B-00C04F79EFBC}") = "projectBanHang", "projectBanHang\projectBanHang.csproj", "{AD0C1398-4930-48DC-A382-F3A0CC0998C0}"
EndProject
Global
	GlobalSection(SolutionConfigurationPlatforms) = preSolution
		Debug|Any CPU = Debug|Any CPU
		Release|Any CPU = Release|Any CPU
	EndGlobalSection
	GlobalSection(ProjectConfigurationPlatforms) = postSolution
		{AD0C1398-4930-48DC-A382-F3A0CC0998C0}.Debug|Any CPU.ActiveCfg = Debug|Any CPU
		{AD0C1398-4930-48DC-A382-F3A0CC0998C0}.Debug|Any CPU.Build.0 = Debug|Any CPU
		{AD0C1398-4930-48DC-A382-F3A0CC0998C0}.Release|Any CPU.ActiveCfg = Release|Any CPU
		{AD0C1398-4930-48DC-A382-F3A0CC0998C0}.Release|Any CPU.Build.0 = Release|Any CPU
	EndGlobalSection
	GlobalSection(SolutionProperties) = preSolution
		HideSolutionNode = FALSE
	EndGlobalSection
	GlobalSection(ExtensibilityGlobals) = postSolution
		SolutionGuid = {904679F0-706B-49BB-AB71-D35F11C41408}
	EndGlobalSection
EndGlobal
